
Microsoft Visual Studio Solution File, Format Version 12.00
# Visual Studio 15
VisualStudioVersion = 15.0.26430.13
MinimumVisualStudioVersion = 10.0.40219.1
Project("{FAE04EC0-301F-11D3-BF4B-00C04F79EFBC}") = "MiTaller", "MiTaller\MiTaller.csproj", "{592909B2-3C52-4A95-AAAE-4A5E38EB6236}"
EndProject
Project("{FAE04EC0-301F-11D3-BF4B-00C04F79EFBC}") = "Entidades", "Entidades\Entidades.csproj", "{AB8FCAAB-ED5E-4604-ADAA-4BDED363893B}"
EndProject
Project("{FAE04EC0-301F-11D3-BF4B-00C04F79EFBC}") = "Negocio", "Negocio\Negocio.csproj", "{C62A314F-5C3D-438C-9E38-4578CC31A542}"
EndProject
Project("{FAE04EC0-301F-11D3-BF4B-00C04F79EFBC}") = "Datos", "Datos\Datos.csproj", "{4AB9781A-9F1F-4EA7-B09E-0FBBF936ED4D}"
EndProject
Global
	GlobalSection(SolutionConfigurationPlatforms) = preSolution
		Debug|Any CPU = Debug|Any CPU
		Release|Any CPU = Release|Any CPU
	EndGlobalSection
	GlobalSection(ProjectConfigurationPlatforms) = postSolution
		{592909B2-3C52-4A95-AAAE-4A5E38EB6236}.Debug|Any CPU.ActiveCfg = Debug|Any CPU
		{592909B2-3C52-4A95-AAAE-4A5E38EB6236}.Debug|Any CPU.Build.0 = Debug|Any CPU
		{592909B2-3C52-4A95-AAAE-4A5E38EB6236}.Release|Any CPU.ActiveCfg = Release|Any CPU
		{592909B2-3C52-4A95-AAAE-4A5E38EB6236}.Release|Any CPU.Build.0 = Release|Any CPU
		{AB8FCAAB-ED5E-4604-ADAA-4BDED363893B}.Debug|Any CPU.ActiveCfg = Debug|Any CPU
		{AB8FCAAB-ED5E-4604-ADAA-4BDED363893B}.Debug|Any CPU.Build.0 = Debug|Any CPU
		{AB8FCAAB-ED5E-4604-ADAA-4BDED363893B}.Release|Any CPU.ActiveCfg = Release|Any CPU
		{AB8FCAAB-ED5E-4604-ADAA-4BDED363893B}.Release|Any CPU.Build.0 = Release|Any CPU
		{C62A314F-5C3D-438C-9E38-4578CC31A542}.Debug|Any CPU.ActiveCfg = Debug|Any CPU
		{C62A314F-5C3D-438C-9E38-4578CC31A542}.Debug|Any CPU.Build.0 = Debug|Any CPU
		{C62A314F-5C3D-438C-9E38-4578CC31A542}.Release|Any CPU.ActiveCfg = Release|Any CPU
		{C62A314F-5C3D-438C-9E38-4578CC31A542}.Release|Any CPU.Build.0 = Release|Any CPU
		{4AB9781A-9F1F-4EA7-B09E-0FBBF936ED4D}.Debug|Any CPU.ActiveCfg = Debug|Any CPU
		{4AB9781A-9F1F-4EA7-B09E-0FBBF936ED4D}.Debug|Any CPU.Build.0 = Debug|Any CPU
		{4AB9781A-9F1F-4EA7-B09E-0FBBF936ED4D}.Release|Any CPU.ActiveCfg = Release|Any CPU
		{4AB9781A-9F1F-4EA7-B09E-0FBBF936ED4D}.Release|Any CPU.Build.0 = Release|Any CPU
	EndGlobalSection
	GlobalSection(SolutionProperties) = preSolution
		HideSolutionNode = FALSE
	EndGlobalSection
EndGlobal
